// !$*UTF8*$!
{
	archiveVersion = 1;
	classes = {
	};
	objectVersion = 46;
	objects = {

/* Begin PBXBuildFile section */
		3B2EF54C0965C358007BFB7B /* ForceFeedback.framework in Frameworks */ = {isa = PBXBuildFile; fileRef = 3B2EF54B0965C358007BFB7B /* ForceFeedback.framework */; };
		3BBA03D0096A22F5008A46C9 /* IOKit.framework in Frameworks */ = {isa = PBXBuildFile; fileRef = 3BBA03CF096A22F5008A46C9 /* IOKit.framework */; };
		3BBA03E3096A29B5008A46C9 /* devlink.cpp in Sources */ = {isa = PBXBuildFile; fileRef = 3BBA03E2096A29B5008A46C9 /* devlink.cpp */; };
		633F25AD17F5E9EE00044F63 /* testrumble.c in Sources */ = {isa = PBXBuildFile; fileRef = 633F259B17F5E9A900044F63 /* testrumble.c */; };
		633F25AE17F5E9F400044F63 /* SDL2.framework in Frameworks */ = {isa = PBXBuildFile; fileRef = 63519B3F17F336B2005B1010 /* SDL2.framework */; };
		63519B4017F336B2005B1010 /* SDL2.framework in Frameworks */ = {isa = PBXBuildFile; fileRef = 63519B3F17F336B2005B1010 /* SDL2.framework */; };
		63519B4117F336C2005B1010 /* testhaptic.c in Sources */ = {isa = PBXBuildFile; fileRef = 63519B2D17F33676005B1010 /* testhaptic.c */; };
		63A4C8B717F3A937006BD66F /* Feedback360Effect.cpp in Sources */ = {isa = PBXBuildFile; fileRef = 63A4C8B517F3A937006BD66F /* Feedback360Effect.cpp */; };
		8D576312048677EA00EA77CD /* Feedback360.cpp in Sources */ = {isa = PBXBuildFile; fileRef = 08FB77B6FE84183AC02AAC07 /* Feedback360.cpp */; settings = {ATTRIBUTES = (); }; };
		8D576314048677EA00EA77CD /* CoreFoundation.framework in Frameworks */ = {isa = PBXBuildFile; fileRef = 0AA1909FFE8422F4C02AAC07 /* CoreFoundation.framework */; };
		8D5B49A804867FD3000E48DA /* InfoPlist.strings in Resources */ = {isa = PBXBuildFile; fileRef = 8D5B49A704867FD3000E48DA /* InfoPlist.strings */; };
/* End PBXBuildFile section */

/* Begin PBXContainerItemProxy section */
		633F25AA17F5E9E800044F63 /* PBXContainerItemProxy */ = {
			isa = PBXContainerItemProxy;
			containerPortal = 089C1669FE841209C02AAC07 /* Project object */;
			proxyType = 1;
			remoteGlobalIDString = 8D57630D048677EA00EA77CD;
			remoteInfo = Feedback360;
		};
		63519B3C17F33695005B1010 /* PBXContainerItemProxy */ = {
			isa = PBXContainerItemProxy;
			containerPortal = 089C1669FE841209C02AAC07 /* Project object */;
			proxyType = 1;
			remoteGlobalIDString = 8D57630D048677EA00EA77CD;
			remoteInfo = Feedback360;
		};
/* End PBXContainerItemProxy section */

/* Begin PBXCopyFilesBuildPhase section */
		633F259E17F5E9DC00044F63 /* CopyFiles */ = {
			isa = PBXCopyFilesBuildPhase;
			buildActionMask = 2147483647;
			dstPath = /usr/share/man/man1/;
			dstSubfolderSpec = 0;
			files = (
			);
			runOnlyForDeploymentPostprocessing = 1;
		};
		63519B3017F33691005B1010 /* CopyFiles */ = {
			isa = PBXCopyFilesBuildPhase;
			buildActionMask = 2147483647;
			dstPath = /usr/share/man/man1/;
			dstSubfolderSpec = 0;
			files = (
			);
			runOnlyForDeploymentPostprocessing = 1;
		};
/* End PBXCopyFilesBuildPhase section */

/* Begin PBXFileReference section */
		089C167EFE841241C02AAC07 /* English */ = {isa = PBXFileReference; fileEncoding = 4; lastKnownFileType = text.plist.strings; name = English; path = English.lproj/InfoPlist.strings; sourceTree = "<group>"; };
		08FB77B6FE84183AC02AAC07 /* Feedback360.cpp */ = {isa = PBXFileReference; fileEncoding = 4; lastKnownFileType = sourcecode.cpp.cpp; path = Feedback360.cpp; sourceTree = "<group>"; };
		0AA1909FFE8422F4C02AAC07 /* CoreFoundation.framework */ = {isa = PBXFileReference; lastKnownFileType = wrapper.framework; name = CoreFoundation.framework; path = /System/Library/Frameworks/CoreFoundation.framework; sourceTree = "<absolute>"; };
		3B2EF5440965B3C7007BFB7B /* Feedback360.h */ = {isa = PBXFileReference; fileEncoding = 4; lastKnownFileType = sourcecode.c.h; path = Feedback360.h; sourceTree = "<group>"; };
		3B2EF54B0965C358007BFB7B /* ForceFeedback.framework */ = {isa = PBXFileReference; lastKnownFileType = wrapper.framework; name = ForceFeedback.framework; path = /System/Library/Frameworks/ForceFeedback.framework; sourceTree = "<absolute>"; };
		3BBA03CF096A22F5008A46C9 /* IOKit.framework */ = {isa = PBXFileReference; lastKnownFileType = wrapper.framework; name = IOKit.framework; path = /System/Library/Frameworks/IOKit.framework; sourceTree = "<absolute>"; };
		3BBA03E1096A29B5008A46C9 /* devlink.h */ = {isa = PBXFileReference; fileEncoding = 4; lastKnownFileType = sourcecode.c.h; path = devlink.h; sourceTree = "<group>"; };
		3BBA03E2096A29B5008A46C9 /* devlink.cpp */ = {isa = PBXFileReference; fileEncoding = 4; lastKnownFileType = sourcecode.cpp.cpp; path = devlink.cpp; sourceTree = "<group>"; };
		633F259B17F5E9A900044F63 /* testrumble.c */ = {isa = PBXFileReference; lastKnownFileType = sourcecode.c.c; path = testrumble.c; sourceTree = "<group>"; };
		633F25A017F5E9DC00044F63 /* testrumble */ = {isa = PBXFileReference; explicitFileType = "compiled.mach-o.executable"; includeInIndex = 0; path = testrumble; sourceTree = BUILT_PRODUCTS_DIR; };
		63519B2D17F33676005B1010 /* testhaptic.c */ = {isa = PBXFileReference; lastKnownFileType = sourcecode.c.c; path = testhaptic.c; sourceTree = SOURCE_ROOT; };
		63519B3217F33691005B1010 /* testhaptic */ = {isa = PBXFileReference; explicitFileType = "compiled.mach-o.executable"; includeInIndex = 0; path = testhaptic; sourceTree = BUILT_PRODUCTS_DIR; };
		63519B3F17F336B2005B1010 /* SDL2.framework */ = {isa = PBXFileReference; lastKnownFileType = wrapper.framework; name = SDL2.framework; path = /Library/Frameworks/SDL2.framework; sourceTree = "<absolute>"; };
		63A4C8B517F3A937006BD66F /* Feedback360Effect.cpp */ = {isa = PBXFileReference; fileEncoding = 4; lastKnownFileType = sourcecode.cpp.cpp; path = Feedback360Effect.cpp; sourceTree = "<group>"; };
		63A4C8B617F3A937006BD66F /* Feedback360Effect.h */ = {isa = PBXFileReference; fileEncoding = 4; lastKnownFileType = sourcecode.c.h; path = Feedback360Effect.h; sourceTree = "<group>"; };
		8D576316048677EA00EA77CD /* Feedback360.plugin */ = {isa = PBXFileReference; explicitFileType = wrapper.cfbundle; includeInIndex = 0; path = Feedback360.plugin; sourceTree = BUILT_PRODUCTS_DIR; };
		8D576317048677EA00EA77CD /* Info.plist */ = {isa = PBXFileReference; fileEncoding = 4; lastKnownFileType = text.plist.xml; path = Info.plist; sourceTree = "<group>"; };
/* End PBXFileReference section */

/* Begin PBXFrameworksBuildPhase section */
		633F259D17F5E9DC00044F63 /* Frameworks */ = {
			isa = PBXFrameworksBuildPhase;
			buildActionMask = 2147483647;
			files = (
				633F25AE17F5E9F400044F63 /* SDL2.framework in Frameworks */,
			);
			runOnlyForDeploymentPostprocessing = 0;
		};
		63519B2F17F33691005B1010 /* Frameworks */ = {
			isa = PBXFrameworksBuildPhase;
			buildActionMask = 2147483647;
			files = (
				63519B4017F336B2005B1010 /* SDL2.framework in Frameworks */,
			);
			runOnlyForDeploymentPostprocessing = 0;
		};
		8D576313048677EA00EA77CD /* Frameworks */ = {
			isa = PBXFrameworksBuildPhase;
			buildActionMask = 2147483647;
			files = (
				8D576314048677EA00EA77CD /* CoreFoundation.framework in Frameworks */,
				3B2EF54C0965C358007BFB7B /* ForceFeedback.framework in Frameworks */,
				3BBA03D0096A22F5008A46C9 /* IOKit.framework in Frameworks */,
			);
			runOnlyForDeploymentPostprocessing = 0;
		};
/* End PBXFrameworksBuildPhase section */

/* Begin PBXGroup section */
		089C166AFE841209C02AAC07 /* Feedback360 */ = {
			isa = PBXGroup;
			children = (
				08FB77AFFE84173DC02AAC07 /* Source */,
				089C167CFE841241C02AAC07 /* Resources */,
				089C1671FE841209C02AAC07 /* Frameworks */,
				19C28FB6FE9D52B211CA2CBB /* Products */,
			);
			name = Feedback360;
			sourceTree = "<group>";
		};
		089C1671FE841209C02AAC07 /* Frameworks */ = {
			isa = PBXGroup;
			children = (
				63519B3F17F336B2005B1010 /* SDL2.framework */,
				3BBA03CF096A22F5008A46C9 /* IOKit.framework */,
				3B2EF54B0965C358007BFB7B /* ForceFeedback.framework */,
				0AA1909FFE8422F4C02AAC07 /* CoreFoundation.framework */,
			);
			name = Frameworks;
			sourceTree = "<group>";
		};
		089C167CFE841241C02AAC07 /* Resources */ = {
			isa = PBXGroup;
			children = (
				8D576317048677EA00EA77CD /* Info.plist */,
				8D5B49A704867FD3000E48DA /* InfoPlist.strings */,
			);
			name = Resources;
			sourceTree = "<group>";
		};
		08FB77AFFE84173DC02AAC07 /* Source */ = {
			isa = PBXGroup;
			children = (
				63519B3317F33691005B1010 /* Tests */,
				08FB77B6FE84183AC02AAC07 /* Feedback360.cpp */,
				3B2EF5440965B3C7007BFB7B /* Feedback360.h */,
				63A4C8B517F3A937006BD66F /* Feedback360Effect.cpp */,
				63A4C8B617F3A937006BD66F /* Feedback360Effect.h */,
				3BBA03E2096A29B5008A46C9 /* devlink.cpp */,
				3BBA03E1096A29B5008A46C9 /* devlink.h */,
			);
			name = Source;
			sourceTree = "<group>";
		};
		19C28FB6FE9D52B211CA2CBB /* Products */ = {
			isa = PBXGroup;
			children = (
				8D576316048677EA00EA77CD /* Feedback360.plugin */,
				63519B3217F33691005B1010 /* testhaptic */,
				633F25A017F5E9DC00044F63 /* testrumble */,
			);
			name = Products;
			sourceTree = "<group>";
		};
		63519B3317F33691005B1010 /* Tests */ = {
			isa = PBXGroup;
			children = (
				63519B2D17F33676005B1010 /* testhaptic.c */,
				633F259B17F5E9A900044F63 /* testrumble.c */,
			);
			name = Tests;
			path = testhaptic;
			sourceTree = "<group>";
		};
/* End PBXGroup section */

/* Begin PBXNativeTarget section */
		633F259F17F5E9DC00044F63 /* testrumble */ = {
			isa = PBXNativeTarget;
			buildConfigurationList = 633F25A617F5E9DC00044F63 /* Build configuration list for PBXNativeTarget "testrumble" */;
			buildPhases = (
				633F259C17F5E9DC00044F63 /* Sources */,
				633F259D17F5E9DC00044F63 /* Frameworks */,
				633F259E17F5E9DC00044F63 /* CopyFiles */,
			);
			buildRules = (
			);
			dependencies = (
				633F25AB17F5E9E800044F63 /* PBXTargetDependency */,
			);
			name = testrumble;
			productName = testrumble;
			productReference = 633F25A017F5E9DC00044F63 /* testrumble */;
			productType = "com.apple.product-type.tool";
		};
		63519B3117F33691005B1010 /* testhaptic */ = {
			isa = PBXNativeTarget;
			buildConfigurationList = 63519B3817F33691005B1010 /* Build configuration list for PBXNativeTarget "testhaptic" */;
			buildPhases = (
				63519B2E17F33691005B1010 /* Sources */,
				63519B2F17F33691005B1010 /* Frameworks */,
				63519B3017F33691005B1010 /* CopyFiles */,
			);
			buildRules = (
			);
			dependencies = (
				63519B3D17F33695005B1010 /* PBXTargetDependency */,
			);
			name = testhaptic;
			productName = testhaptic;
			productReference = 63519B3217F33691005B1010 /* testhaptic */;
			productType = "com.apple.product-type.tool";
		};
		8D57630D048677EA00EA77CD /* Feedback360 */ = {
			isa = PBXNativeTarget;
			buildConfigurationList = 3BBDC69309793BF60023AAD8 /* Build configuration list for PBXNativeTarget "Feedback360" */;
			buildPhases = (
				8D57630F048677EA00EA77CD /* Resources */,
				8D576311048677EA00EA77CD /* Sources */,
				8D576313048677EA00EA77CD /* Frameworks */,
			);
			buildRules = (
			);
			dependencies = (
			);
			name = Feedback360;
			productInstallPath = "$(HOME)/Library/Bundles";
			productName = Feedback360;
			productReference = 8D576316048677EA00EA77CD /* Feedback360.plugin */;
			productType = "com.apple.product-type.bundle";
		};
/* End PBXNativeTarget section */

/* Begin PBXProject section */
		089C1669FE841209C02AAC07 /* Project object */ = {
			isa = PBXProject;
			attributes = {
				LastUpgradeCheck = 0500;
			};
			buildConfigurationList = 3BBDC69709793BF60023AAD8 /* Build configuration list for PBXProject "Feedback360" */;
			compatibilityVersion = "Xcode 3.2";
			developmentRegion = English;
			hasScannedForEncodings = 1;
			knownRegions = (
				English,
				Japanese,
				French,
				German,
			);
			mainGroup = 089C166AFE841209C02AAC07 /* Feedback360 */;
			projectDirPath = "";
			projectRoot = "";
			targets = (
				8D57630D048677EA00EA77CD /* Feedback360 */,
				63519B3117F33691005B1010 /* testhaptic */,
				633F259F17F5E9DC00044F63 /* testrumble */,
			);
		};
/* End PBXProject section */

/* Begin PBXResourcesBuildPhase section */
		8D57630F048677EA00EA77CD /* Resources */ = {
			isa = PBXResourcesBuildPhase;
			buildActionMask = 2147483647;
			files = (
				8D5B49A804867FD3000E48DA /* InfoPlist.strings in Resources */,
			);
			runOnlyForDeploymentPostprocessing = 0;
		};
/* End PBXResourcesBuildPhase section */

/* Begin PBXSourcesBuildPhase section */
		633F259C17F5E9DC00044F63 /* Sources */ = {
			isa = PBXSourcesBuildPhase;
			buildActionMask = 2147483647;
			files = (
				633F25AD17F5E9EE00044F63 /* testrumble.c in Sources */,
			);
			runOnlyForDeploymentPostprocessing = 0;
		};
		63519B2E17F33691005B1010 /* Sources */ = {
			isa = PBXSourcesBuildPhase;
			buildActionMask = 2147483647;
			files = (
				63519B4117F336C2005B1010 /* testhaptic.c in Sources */,
			);
			runOnlyForDeploymentPostprocessing = 0;
		};
		8D576311048677EA00EA77CD /* Sources */ = {
			isa = PBXSourcesBuildPhase;
			buildActionMask = 2147483647;
			files = (
				8D576312048677EA00EA77CD /* Feedback360.cpp in Sources */,
				3BBA03E3096A29B5008A46C9 /* devlink.cpp in Sources */,
				63A4C8B717F3A937006BD66F /* Feedback360Effect.cpp in Sources */,
			);
			runOnlyForDeploymentPostprocessing = 0;
		};
/* End PBXSourcesBuildPhase section */

/* Begin PBXTargetDependency section */
		633F25AB17F5E9E800044F63 /* PBXTargetDependency */ = {
			isa = PBXTargetDependency;
			target = 8D57630D048677EA00EA77CD /* Feedback360 */;
			targetProxy = 633F25AA17F5E9E800044F63 /* PBXContainerItemProxy */;
		};
		63519B3D17F33695005B1010 /* PBXTargetDependency */ = {
			isa = PBXTargetDependency;
			target = 8D57630D048677EA00EA77CD /* Feedback360 */;
			targetProxy = 63519B3C17F33695005B1010 /* PBXContainerItemProxy */;
		};
/* End PBXTargetDependency section */

/* Begin PBXVariantGroup section */
		8D5B49A704867FD3000E48DA /* InfoPlist.strings */ = {
			isa = PBXVariantGroup;
			children = (
				089C167EFE841241C02AAC07 /* English */,
			);
			name = InfoPlist.strings;
			sourceTree = "<group>";
		};
/* End PBXVariantGroup section */

/* Begin XCBuildConfiguration section */
		3BBDC69409793BF60023AAD8 /* Debug */ = {
			isa = XCBuildConfiguration;
			buildSettings = {
				COMBINE_HIDPI_IMAGES = YES;
				GCC_ENABLE_FIX_AND_CONTINUE = YES;
				INFOPLIST_FILE = Info.plist;
				OTHER_LDFLAGS = "-g";
				PRODUCT_NAME = Feedback360;
				WRAPPER_EXTENSION = plugin;
			};
			name = Debug;
		};
		3BBDC69509793BF60023AAD8 /* Release */ = {
			isa = XCBuildConfiguration;
			buildSettings = {
				COMBINE_HIDPI_IMAGES = YES;
				GCC_ENABLE_FIX_AND_CONTINUE = NO;
				INFOPLIST_FILE = Info.plist;
				OTHER_LDFLAGS = "-g";
				PRODUCT_NAME = Feedback360;
				WRAPPER_EXTENSION = plugin;
			};
			name = Release;
		};
		3BBDC69809793BF60023AAD8 /* Debug */ = {
			isa = XCBuildConfiguration;
			buildSettings = {
				ARCHS = "$(ARCHS_STANDARD_32_64_BIT)";
				CLANG_CXX_LIBRARY = "libc++";
				CLANG_ENABLE_MODULES = YES;
				COPY_PHASE_STRIP = NO;
				DEBUG_INFORMATION_FORMAT = "dwarf-with-dsym";
				GCC_C_LANGUAGE_STANDARD = gnu99;
				GCC_OPTIMIZATION_LEVEL = 0;
				GCC_WARN_PEDANTIC = YES;
				MACOSX_DEPLOYMENT_TARGET = 10.8;
				ONLY_ACTIVE_ARCH = YES;
				SDKROOT = macosx;
				SKIP_INSTALL = YES;
				STRIP_INSTALLED_PRODUCT = NO;
			};
			name = Debug;
		};
		3BBDC69909793BF60023AAD8 /* Release */ = {
			isa = XCBuildConfiguration;
			buildSettings = {
				ARCHS = "$(ARCHS_STANDARD_32_64_BIT)";
				CLANG_CXX_LIBRARY = "libc++";
				CLANG_ENABLE_MODULES = YES;
				DEBUG_INFORMATION_FORMAT = "dwarf-with-dsym";
				GCC_C_LANGUAGE_STANDARD = gnu99;
				GCC_WARN_PEDANTIC = YES;
				MACOSX_DEPLOYMENT_TARGET = 10.8;
				SDKROOT = macosx;
				SKIP_INSTALL = YES;
			};
			name = Release;
		};
		633F25A717F5E9DC00044F63 /* Debug */ = {
			isa = XCBuildConfiguration;
			buildSettings = {
				ALWAYS_SEARCH_USER_PATHS = NO;
				CLANG_WARN_BOOL_CONVERSION = YES;
				CLANG_WARN_CONSTANT_CONVERSION = YES;
				CLANG_WARN_EMPTY_BODY = YES;
				CLANG_WARN_ENUM_CONVERSION = YES;
				CLANG_WARN_INT_CONVERSION = YES;
				CLANG_WARN__DUPLICATE_METHOD_MATCH = YES;
				FRAMEWORK_SEARCH_PATHS = (
					"$(inherited)",
					"$(LOCAL_LIBRARY_DIR)/Frameworks",
				);
				GCC_DYNAMIC_NO_PIC = NO;
				GCC_OPTIMIZATION_LEVEL = 0;
				GCC_PREPROCESSOR_DEFINITIONS = (
					"DEBUG=1",
					"$(inherited)",
				);
				GCC_SYMBOLS_PRIVATE_EXTERN = NO;
				GCC_WARN_64_TO_32_BIT_CONVERSION = YES;
				GCC_WARN_ABOUT_RETURN_TYPE = YES_ERROR;
				GCC_WARN_UNINITIALIZED_AUTOS = YES;
				GCC_WARN_UNUSED_FUNCTION = YES;
				GCC_WARN_UNUSED_VARIABLE = YES;
				MACOSX_DEPLOYMENT_TARGET = 10.8;
				PRODUCT_NAME = "$(TARGET_NAME)";
			};
			name = Debug;
		};
		633F25A817F5E9DC00044F63 /* Release */ = {
			isa = XCBuildConfiguration;
			buildSettings = {
				ALWAYS_SEARCH_USER_PATHS = NO;
				CLANG_WARN_BOOL_CONVERSION = YES;
				CLANG_WARN_CONSTANT_CONVERSION = YES;
				CLANG_WARN_EMPTY_BODY = YES;
				CLANG_WARN_ENUM_CONVERSION = YES;
				CLANG_WARN_INT_CONVERSION = YES;
				CLANG_WARN__DUPLICATE_METHOD_MATCH = YES;
				ENABLE_NS_ASSERTIONS = NO;
				FRAMEWORK_SEARCH_PATHS = (
					"$(inherited)",
					"$(LOCAL_LIBRARY_DIR)/Frameworks",
				);
				GCC_WARN_64_TO_32_BIT_CONVERSION = YES;
				GCC_WARN_ABOUT_RETURN_TYPE = YES_ERROR;
				GCC_WARN_UNINITIALIZED_AUTOS = YES;
				GCC_WARN_UNUSED_FUNCTION = YES;
				GCC_WARN_UNUSED_VARIABLE = YES;
				MACOSX_DEPLOYMENT_TARGET = 10.8;
				PRODUCT_NAME = "$(TARGET_NAME)";
			};
			name = Release;
		};
		63519B3917F33691005B1010 /* Debug */ = {
			isa = XCBuildConfiguration;
			buildSettings = {
				ALWAYS_SEARCH_USER_PATHS = NO;
				CLANG_WARN_BOOL_CONVERSION = YES;
				CLANG_WARN_CONSTANT_CONVERSION = YES;
				CLANG_WARN_EMPTY_BODY = YES;
				CLANG_WARN_ENUM_CONVERSION = YES;
				CLANG_WARN_INT_CONVERSION = YES;
				CLANG_WARN__DUPLICATE_METHOD_MATCH = YES;
				FRAMEWORK_SEARCH_PATHS = (
					"$(inherited)",
					"$(LOCAL_LIBRARY_DIR)/Frameworks",
				);
				GCC_DYNAMIC_NO_PIC = NO;
				GCC_OPTIMIZATION_LEVEL = 0;
				GCC_PREPROCESSOR_DEFINITIONS = (
					"DEBUG=1",
					"$(inherited)",
				);
				GCC_SYMBOLS_PRIVATE_EXTERN = NO;
				GCC_WARN_64_TO_32_BIT_CONVERSION = YES;
				GCC_WARN_ABOUT_RETURN_TYPE = YES_ERROR;
				GCC_WARN_UNINITIALIZED_AUTOS = YES;
				GCC_WARN_UNUSED_FUNCTION = YES;
				GCC_WARN_UNUSED_VARIABLE = YES;
				MACOSX_DEPLOYMENT_TARGET = 10.8;
				ONLY_ACTIVE_ARCH = YES;
				PRODUCT_NAME = "$(TARGET_NAME)";
				SDKROOT = macosx;
			};
			name = Debug;
		};
		63519B3A17F33691005B1010 /* Release */ = {
			isa = XCBuildConfiguration;
			buildSettings = {
				ALWAYS_SEARCH_USER_PATHS = NO;
				CLANG_WARN_BOOL_CONVERSION = YES;
				CLANG_WARN_CONSTANT_CONVERSION = YES;
				CLANG_WARN_EMPTY_BODY = YES;
				CLANG_WARN_ENUM_CONVERSION = YES;
				CLANG_WARN_INT_CONVERSION = YES;
				CLANG_WARN__DUPLICATE_METHOD_MATCH = YES;
				ENABLE_NS_ASSERTIONS = NO;
				FRAMEWORK_SEARCH_PATHS = (
					"$(inherited)",
					"$(LOCAL_LIBRARY_DIR)/Frameworks",
				);
				GCC_WARN_64_TO_32_BIT_CONVERSION = YES;
				GCC_WARN_ABOUT_RETURN_TYPE = YES_ERROR;
				GCC_WARN_UNINITIALIZED_AUTOS = YES;
				GCC_WARN_UNUSED_FUNCTION = YES;
				GCC_WARN_UNUSED_VARIABLE = YES;
				MACOSX_DEPLOYMENT_TARGET = 10.8;
				PRODUCT_NAME = "$(TARGET_NAME)";
				SDKROOT = macosx;
			};
			name = Release;
		};
/* End XCBuildConfiguration section */

/* Begin XCConfigurationList section */
		3BBDC69309793BF60023AAD8 /* Build configuration list for PBXNativeTarget "Feedback360" */ = {
			isa = XCConfigurationList;
			buildConfigurations = (
				3BBDC69409793BF60023AAD8 /* Debug */,
				3BBDC69509793BF60023AAD8 /* Release */,
			);
			defaultConfigurationIsVisible = 0;
			defaultConfigurationName = Release;
		};
		3BBDC69709793BF60023AAD8 /* Build configuration list for PBXProject "Feedback360" */ = {
			isa = XCConfigurationList;
			buildConfigurations = (
				3BBDC69809793BF60023AAD8 /* Debug */,
				3BBDC69909793BF60023AAD8 /* Release */,
			);
			defaultConfigurationIsVisible = 0;
			defaultConfigurationName = Release;
		};
		633F25A617F5E9DC00044F63 /* Build configuration list for PBXNativeTarget "testrumble" */ = {
			isa = XCConfigurationList;
			buildConfigurations = (
				633F25A717F5E9DC00044F63 /* Debug */,
				633F25A817F5E9DC00044F63 /* Release */,
			);
			defaultConfigurationIsVisible = 0;
			defaultConfigurationName = Release;
		};
		63519B3817F33691005B1010 /* Build configuration list for PBXNativeTarget "testhaptic" */ = {
			isa = XCConfigurationList;
			buildConfigurations = (
				63519B3917F33691005B1010 /* Debug */,
				63519B3A17F33691005B1010 /* Release */,
			);
			defaultConfigurationIsVisible = 0;
			defaultConfigurationName = Release;
		};
/* End XCConfigurationList section */
	};
	rootObject = 089C1669FE841209C02AAC07 /* Project object */;
}
