// !$*UTF8*$!
{
	archiveVersion = 1;
	classes = {
	};
	objectVersion = 45;
	objects = {

/* Begin PBXBuildFile section */
		3B2EF54C0965C358007BFB7B /* ForceFeedback.framework in Frameworks */ = {isa = PBXBuildFile; fileRef = 3B2EF54B0965C358007BFB7B /* ForceFeedback.framework */; };
		3BBA037D09697D80008A46C9 /* emulator.c in Sources */ = {isa = PBXBuildFile; fileRef = 3BBA037C09697D80008A46C9 /* emulator.c */; };
		3BBA03D0096A22F5008A46C9 /* IOKit.framework in Frameworks */ = {isa = PBXBuildFile; fileRef = 3BBA03CF096A22F5008A46C9 /* IOKit.framework */; };
		3BBA03E3096A29B5008A46C9 /* devlink.c in Sources */ = {isa = PBXBuildFile; fileRef = 3BBA03E2096A29B5008A46C9 /* devlink.c */; };
		8D576312048677EA00EA77CD /* main.c in Sources */ = {isa = PBXBuildFile; fileRef = 08FB77B6FE84183AC02AAC07 /* main.c */; settings = {ATTRIBUTES = (); }; };
		8D576314048677EA00EA77CD /* CoreFoundation.framework in Frameworks */ = {isa = PBXBuildFile; fileRef = 0AA1909FFE8422F4C02AAC07 /* CoreFoundation.framework */; };
		8D5B49A804867FD3000E48DA /* InfoPlist.strings in Resources */ = {isa = PBXBuildFile; fileRef = 8D5B49A704867FD3000E48DA /* InfoPlist.strings */; };
/* End PBXBuildFile section */

/* Begin PBXFileReference section */
		089C167EFE841241C02AAC07 /* English */ = {isa = PBXFileReference; fileEncoding = 10; lastKnownFileType = text.plist.strings; name = English; path = English.lproj/InfoPlist.strings; sourceTree = "<group>"; };
		08FB77B6FE84183AC02AAC07 /* main.c */ = {isa = PBXFileReference; fileEncoding = 4; lastKnownFileType = sourcecode.c.c; path = main.c; sourceTree = "<group>"; };
		0AA1909FFE8422F4C02AAC07 /* CoreFoundation.framework */ = {isa = PBXFileReference; lastKnownFileType = wrapper.framework; name = CoreFoundation.framework; path = /System/Library/Frameworks/CoreFoundation.framework; sourceTree = "<absolute>"; };
		3B2EF5440965B3C7007BFB7B /* main.h */ = {isa = PBXFileReference; fileEncoding = 4; lastKnownFileType = sourcecode.c.h; path = main.h; sourceTree = "<group>"; };
		3B2EF54B0965C358007BFB7B /* ForceFeedback.framework */ = {isa = PBXFileReference; lastKnownFileType = wrapper.framework; name = ForceFeedback.framework; path = /System/Library/Frameworks/ForceFeedback.framework; sourceTree = "<absolute>"; };
		3BBA037B09697D80008A46C9 /* emulator.h */ = {isa = PBXFileReference; fileEncoding = 4; lastKnownFileType = sourcecode.c.h; path = emulator.h; sourceTree = "<group>"; };
		3BBA037C09697D80008A46C9 /* emulator.c */ = {isa = PBXFileReference; fileEncoding = 4; lastKnownFileType = sourcecode.c.c; path = emulator.c; sourceTree = "<group>"; };
		3BBA03CF096A22F5008A46C9 /* IOKit.framework */ = {isa = PBXFileReference; lastKnownFileType = wrapper.framework; name = IOKit.framework; path = /System/Library/Frameworks/IOKit.framework; sourceTree = "<absolute>"; };
		3BBA03E1096A29B5008A46C9 /* devlink.h */ = {isa = PBXFileReference; fileEncoding = 4; lastKnownFileType = sourcecode.c.h; path = devlink.h; sourceTree = "<group>"; };
		3BBA03E2096A29B5008A46C9 /* devlink.c */ = {isa = PBXFileReference; fileEncoding = 4; lastKnownFileType = sourcecode.c.c; path = devlink.c; sourceTree = "<group>"; };
		8D576316048677EA00EA77CD /* Feedback360.bundle */ = {isa = PBXFileReference; explicitFileType = wrapper.cfbundle; includeInIndex = 0; path = Feedback360.bundle; sourceTree = BUILT_PRODUCTS_DIR; };
		8D576317048677EA00EA77CD /* Info.plist */ = {isa = PBXFileReference; fileEncoding = 4; lastKnownFileType = text.plist.xml; path = Info.plist; sourceTree = "<group>"; };
/* End PBXFileReference section */

/* Begin PBXFrameworksBuildPhase section */
		8D576313048677EA00EA77CD /* Frameworks */ = {
			isa = PBXFrameworksBuildPhase;
			buildActionMask = 2147483647;
			files = (
				8D576314048677EA00EA77CD /* CoreFoundation.framework in Frameworks */,
				3B2EF54C0965C358007BFB7B /* ForceFeedback.framework in Frameworks */,
				3BBA03D0096A22F5008A46C9 /* IOKit.framework in Frameworks */,
			);
			runOnlyForDeploymentPostprocessing = 0;
		};
/* End PBXFrameworksBuildPhase section */

/* Begin PBXGroup section */
		089C166AFE841209C02AAC07 /* Feedback360 */ = {
			isa = PBXGroup;
			children = (
				08FB77AFFE84173DC02AAC07 /* Source */,
				089C167CFE841241C02AAC07 /* Resources */,
				089C1671FE841209C02AAC07 /* External Frameworks and Libraries */,
				19C28FB6FE9D52B211CA2CBB /* Products */,
			);
			name = Feedback360;
			sourceTree = "<group>";
		};
		089C1671FE841209C02AAC07 /* External Frameworks and Libraries */ = {
			isa = PBXGroup;
			children = (
				3BBA03CF096A22F5008A46C9 /* IOKit.framework */,
				3B2EF54B0965C358007BFB7B /* ForceFeedback.framework */,
				0AA1909FFE8422F4C02AAC07 /* CoreFoundation.framework */,
			);
			name = "External Frameworks and Libraries";
			sourceTree = "<group>";
		};
		089C167CFE841241C02AAC07 /* Resources */ = {
			isa = PBXGroup;
			children = (
				3B2EF5470965B8E3007BFB7B /* New Group */,
			);
			name = Resources;
			sourceTree = "<group>";
		};
		08FB77AFFE84173DC02AAC07 /* Source */ = {
			isa = PBXGroup;
			children = (
				3B2EF5440965B3C7007BFB7B /* main.h */,
				08FB77B6FE84183AC02AAC07 /* main.c */,
				3BBA037B09697D80008A46C9 /* emulator.h */,
				3BBA037C09697D80008A46C9 /* emulator.c */,
				3BBA03E1096A29B5008A46C9 /* devlink.h */,
				3BBA03E2096A29B5008A46C9 /* devlink.c */,
			);
			name = Source;
			sourceTree = "<group>";
		};
		19C28FB6FE9D52B211CA2CBB /* Products */ = {
			isa = PBXGroup;
			children = (
				8D576316048677EA00EA77CD /* Feedback360.bundle */,
			);
			name = Products;
			sourceTree = "<group>";
		};
		3B2EF5470965B8E3007BFB7B /* New Group */ = {
			isa = PBXGroup;
			children = (
				8D576317048677EA00EA77CD /* Info.plist */,
				8D5B49A704867FD3000E48DA /* InfoPlist.strings */,
			);
			name = "New Group";
			sourceTree = "<group>";
		};
/* End PBXGroup section */

/* Begin PBXNativeTarget section */
		8D57630D048677EA00EA77CD /* Feedback360 */ = {
			isa = PBXNativeTarget;
			buildConfigurationList = 3BBDC69309793BF60023AAD8 /* Build configuration list for PBXNativeTarget "Feedback360" */;
			buildPhases = (
				8D57630F048677EA00EA77CD /* Resources */,
				8D576311048677EA00EA77CD /* Sources */,
				8D576313048677EA00EA77CD /* Frameworks */,
			);
			buildRules = (
			);
			dependencies = (
			);
			name = Feedback360;
			productInstallPath = "$(HOME)/Library/Bundles";
			productName = Feedback360;
			productReference = 8D576316048677EA00EA77CD /* Feedback360.bundle */;
			productType = "com.apple.product-type.bundle";
		};
/* End PBXNativeTarget section */

/* Begin PBXProject section */
		089C1669FE841209C02AAC07 /* Project object */ = {
			isa = PBXProject;
			buildConfigurationList = 3BBDC69709793BF60023AAD8 /* Build configuration list for PBXProject "Feedback360" */;
			compatibilityVersion = "Xcode 2.4";
			developmentRegion = English;
			hasScannedForEncodings = 1;
			knownRegions = (
				English,
				Japanese,
				French,
				German,
			);
			mainGroup = 089C166AFE841209C02AAC07 /* Feedback360 */;
			projectDirPath = "";
			projectRoot = "";
			targets = (
				8D57630D048677EA00EA77CD /* Feedback360 */,
			);
		};
/* End PBXProject section */

/* Begin PBXResourcesBuildPhase section */
		8D57630F048677EA00EA77CD /* Resources */ = {
			isa = PBXResourcesBuildPhase;
			buildActionMask = 2147483647;
			files = (
				8D5B49A804867FD3000E48DA /* InfoPlist.strings in Resources */,
			);
			runOnlyForDeploymentPostprocessing = 0;
		};
/* End PBXResourcesBuildPhase section */

/* Begin PBXSourcesBuildPhase section */
		8D576311048677EA00EA77CD /* Sources */ = {
			isa = PBXSourcesBuildPhase;
			buildActionMask = 2147483647;
			files = (
				8D576312048677EA00EA77CD /* main.c in Sources */,
				3BBA037D09697D80008A46C9 /* emulator.c in Sources */,
				3BBA03E3096A29B5008A46C9 /* devlink.c in Sources */,
			);
			runOnlyForDeploymentPostprocessing = 0;
		};
/* End PBXSourcesBuildPhase section */

/* Begin PBXVariantGroup section */
		8D5B49A704867FD3000E48DA /* InfoPlist.strings */ = {
			isa = PBXVariantGroup;
			children = (
				089C167EFE841241C02AAC07 /* English */,
			);
			name = InfoPlist.strings;
			sourceTree = "<group>";
		};
/* End PBXVariantGroup section */

/* Begin XCBuildConfiguration section */
		3BBDC69409793BF60023AAD8 /* Development */ = {
			isa = XCBuildConfiguration;
			buildSettings = {
				GCC_DYNAMIC_NO_PIC = NO;
				GCC_ENABLE_FIX_AND_CONTINUE = YES;
				GCC_GENERATE_DEBUGGING_SYMBOLS = YES;
				GCC_OPTIMIZATION_LEVEL = 0;
				INFOPLIST_FILE = Info.plist;
				INSTALL_PATH = "$(HOME)/Library/Bundles";
				PRODUCT_NAME = Feedback360;
				WRAPPER_EXTENSION = bundle;
				ZERO_LINK = YES;
			};
			name = Development;
		};
		3BBDC69509793BF60023AAD8 /* Deployment */ = {
			isa = XCBuildConfiguration;
			buildSettings = {
				COPY_PHASE_STRIP = YES;
				GCC_ENABLE_FIX_AND_CONTINUE = NO;
				GCC_GENERATE_DEBUGGING_SYMBOLS = NO;
				INFOPLIST_FILE = Info.plist;
				INSTALL_PATH = "$(HOME)/Library/Bundles";
				PRODUCT_NAME = Feedback360;
				WRAPPER_EXTENSION = bundle;
				ZERO_LINK = NO;
			};
			name = Deployment;
		};
		3BBDC69609793BF60023AAD8 /* Default */ = {
			isa = XCBuildConfiguration;
			buildSettings = {
				GCC_GENERATE_DEBUGGING_SYMBOLS = NO;
				INFOPLIST_FILE = Info.plist;
				INSTALL_PATH = "$(HOME)/Library/Bundles";
				PRODUCT_NAME = Feedback360;
				WRAPPER_EXTENSION = bundle;
			};
			name = Default;
		};
		3BBDC69809793BF60023AAD8 /* Development */ = {
			isa = XCBuildConfiguration;
			buildSettings = {
				CODE_SIGN_IDENTITY = "Developer ID Application: Colin Munro";
				MACOSX_DEPLOYMENT_TARGET = 10.5;
				PROVISIONING_PROFILE = "";
				SDKROOT = "";
			};
			name = Development;
		};
		3BBDC69909793BF60023AAD8 /* Deployment */ = {
			isa = XCBuildConfiguration;
			buildSettings = {
				ARCHS = "$(ARCHS_STANDARD_32_64_BIT)";
				CODE_SIGN_IDENTITY = "Developer ID Application: Colin Munro";
				MACOSX_DEPLOYMENT_TARGET = 10.5;
				PROVISIONING_PROFILE = "";
				SDKROOT = "";
			};
			name = Deployment;
		};
		3BBDC69A09793BF60023AAD8 /* Default */ = {
			isa = XCBuildConfiguration;
			buildSettings = {
				CODE_SIGN_IDENTITY = "Developer ID Application: Colin Munro";
				MACOSX_DEPLOYMENT_TARGET = 10.5;
				PROVISIONING_PROFILE = "";
				SDKROOT = "";
			};
			name = Default;
		};
/* End XCBuildConfiguration section */

/* Begin XCConfigurationList section */
		3BBDC69309793BF60023AAD8 /* Build configuration list for PBXNativeTarget "Feedback360" */ = {
			isa = XCConfigurationList;
			buildConfigurations = (
				3BBDC69409793BF60023AAD8 /* Development */,
				3BBDC69509793BF60023AAD8 /* Deployment */,
				3BBDC69609793BF60023AAD8 /* Default */,
			);
			defaultConfigurationIsVisible = 0;
			defaultConfigurationName = Default;
		};
		3BBDC69709793BF60023AAD8 /* Build configuration list for PBXProject "Feedback360" */ = {
			isa = XCConfigurationList;
			buildConfigurations = (
				3BBDC69809793BF60023AAD8 /* Development */,
				3BBDC69909793BF60023AAD8 /* Deployment */,
				3BBDC69A09793BF60023AAD8 /* Default */,
			);
			defaultConfigurationIsVisible = 0;
			defaultConfigurationName = Default;
		};
/* End XCConfigurationList section */
	};
	rootObject = 089C1669FE841209C02AAC07 /* Project object */;
}
