// !$*UTF8*$!
{
	archiveVersion = 1;
	classes = {
	};
	objectVersion = 45;
	objects = {

/* Begin PBXBuildFile section */
		3B04BE7313763D04005FA9F8 /* DeviceLister.h in Headers */ = {isa = PBXBuildFile; fileRef = 3B04BE7113763D04005FA9F8 /* DeviceLister.h */; };
		3B04BE7413763D04005FA9F8 /* DeviceLister.m in Sources */ = {isa = PBXBuildFile; fileRef = 3B04BE7213763D04005FA9F8 /* DeviceLister.m */; };
		3B04BEA61376416D005FA9F8 /* DriverTool in Resources */ = {isa = PBXBuildFile; fileRef = 3B04BEA51376416D005FA9F8 /* DriverTool */; };
		3B47D9ED0B93C2BF00F200B8 /* battNone.tif in Resources */ = {isa = PBXBuildFile; fileRef = 3B47D9EC0B93C2BF00F200B8 /* battNone.tif */; };
		3B47D9F20B93C31400F200B8 /* batt1.tif in Resources */ = {isa = PBXBuildFile; fileRef = 3B47D9EE0B93C31400F200B8 /* batt1.tif */; };
		3B47D9F30B93C31400F200B8 /* batt0.tif in Resources */ = {isa = PBXBuildFile; fileRef = 3B47D9EF0B93C31400F200B8 /* batt0.tif */; };
		3B47D9F40B93C31400F200B8 /* batt3.tif in Resources */ = {isa = PBXBuildFile; fileRef = 3B47D9F00B93C31400F200B8 /* batt3.tif */; };
		3B47D9F50B93C31400F200B8 /* batt2.tif in Resources */ = {isa = PBXBuildFile; fileRef = 3B47D9F10B93C31400F200B8 /* batt2.tif */; };
		3B86987F0CE2A22100283CEC /* ControlPrefs.h in Headers */ = {isa = PBXBuildFile; fileRef = 3B86987D0CE2A22100283CEC /* ControlPrefs.h */; };
		3B8698800CE2A22100283CEC /* ControlPrefs.m in Sources */ = {isa = PBXBuildFile; fileRef = 3B86987E0CE2A22100283CEC /* ControlPrefs.m */; };
		3B8B91321376FC120047D446 /* Security.framework in Frameworks */ = {isa = PBXBuildFile; fileRef = 3B8B91311376FC120047D446 /* Security.framework */; };
		3BBEAB01096B2C4C00F2E37B /* MyAnalogStick.h in Headers */ = {isa = PBXBuildFile; fileRef = 3BBEAAFF096B2C4C00F2E37B /* MyAnalogStick.h */; };
		3BBEAB02096B2C4C00F2E37B /* MyAnalogStick.m in Sources */ = {isa = PBXBuildFile; fileRef = 3BBEAB00096B2C4C00F2E37B /* MyAnalogStick.m */; };
		3BBEAB05096B2C5200F2E37B /* MyCentreButtons.m in Sources */ = {isa = PBXBuildFile; fileRef = 3BBEAB03096B2C5200F2E37B /* MyCentreButtons.m */; };
		3BBEAB06096B2C5200F2E37B /* MyCentreButtons.h in Headers */ = {isa = PBXBuildFile; fileRef = 3BBEAB04096B2C5200F2E37B /* MyCentreButtons.h */; };
		3BBEAB09096B2C5600F2E37B /* MyDigitalStick.m in Sources */ = {isa = PBXBuildFile; fileRef = 3BBEAB07096B2C5600F2E37B /* MyDigitalStick.m */; };
		3BBEAB0A096B2C5600F2E37B /* MyDigitalStick.h in Headers */ = {isa = PBXBuildFile; fileRef = 3BBEAB08096B2C5600F2E37B /* MyDigitalStick.h */; };
		3BBEAB0D096B2C5B00F2E37B /* MyMainButtons.h in Headers */ = {isa = PBXBuildFile; fileRef = 3BBEAB0B096B2C5B00F2E37B /* MyMainButtons.h */; };
		3BBEAB0E096B2C5B00F2E37B /* MyMainButtons.m in Sources */ = {isa = PBXBuildFile; fileRef = 3BBEAB0C096B2C5B00F2E37B /* MyMainButtons.m */; };
		3BBEAB11096B2C6000F2E37B /* MyShoulderButton.h in Headers */ = {isa = PBXBuildFile; fileRef = 3BBEAB0F096B2C6000F2E37B /* MyShoulderButton.h */; };
		3BBEAB12096B2C6000F2E37B /* MyShoulderButton.m in Sources */ = {isa = PBXBuildFile; fileRef = 3BBEAB10096B2C6000F2E37B /* MyShoulderButton.m */; };
		3BBEAB2D096B6EDE00F2E37B /* IOKit.framework in Frameworks */ = {isa = PBXBuildFile; fileRef = 3BBEAB2C096B6EDE00F2E37B /* IOKit.framework */; };
		3BC41F32096C85CB00664A42 /* DeviceItem.h in Headers */ = {isa = PBXBuildFile; fileRef = 3BC41F30096C85CB00664A42 /* DeviceItem.h */; };
		3BC41F33096C85CB00664A42 /* DeviceItem.m in Sources */ = {isa = PBXBuildFile; fileRef = 3BC41F31096C85CB00664A42 /* DeviceItem.m */; };
		3BC41F47096C8D0300664A42 /* ForceFeedback.framework in Frameworks */ = {isa = PBXBuildFile; fileRef = 3BC41F46096C8D0300664A42 /* ForceFeedback.framework */; };
		8D202CEA0486D31800D8A456 /* Pref360Control_Prefix.pch in Headers */ = {isa = PBXBuildFile; fileRef = 32DBCFA20370C41700C91783 /* Pref360Control_Prefix.pch */; };
		8D202CEB0486D31800D8A456 /* Pref360ControlPref.h in Headers */ = {isa = PBXBuildFile; fileRef = F506C03C013D9D7901CA16C8 /* Pref360ControlPref.h */; };
		8D202CED0486D31800D8A456 /* InfoPlist.strings in Resources */ = {isa = PBXBuildFile; fileRef = 089C167DFE841241C02AAC07 /* InfoPlist.strings */; };
		8D202CEE0486D31800D8A456 /* Pref360ControlPref.tiff in Resources */ = {isa = PBXBuildFile; fileRef = F506C040013D9D8001CA16C8 /* Pref360ControlPref.tiff */; };
		8D202CEF0486D31800D8A456 /* Pref360ControlPref.nib in Resources */ = {isa = PBXBuildFile; fileRef = F506C042013D9D8C01CA16C8 /* Pref360ControlPref.nib */; };
		8D202CF10486D31800D8A456 /* Pref360ControlPref.m in Sources */ = {isa = PBXBuildFile; fileRef = F506C03D013D9D7901CA16C8 /* Pref360ControlPref.m */; };
		8D202CF30486D31800D8A456 /* Cocoa.framework in Frameworks */ = {isa = PBXBuildFile; fileRef = 1058C7ADFEA557BF11CA2CBB /* Cocoa.framework */; };
		8D202CF40486D31800D8A456 /* PreferencePanes.framework in Frameworks */ = {isa = PBXBuildFile; fileRef = F506C035013D953901CA16C8 /* PreferencePanes.framework */; };
/* End PBXBuildFile section */

/* Begin PBXFileReference section */
		089C1672FE841209C02AAC07 /* Foundation.framework */ = {isa = PBXFileReference; lastKnownFileType = wrapper.framework; name = Foundation.framework; path = /System/Library/Frameworks/Foundation.framework; sourceTree = "<absolute>"; };
		089C167EFE841241C02AAC07 /* English */ = {isa = PBXFileReference; fileEncoding = 4; lastKnownFileType = text.plist.strings; name = English; path = English.lproj/InfoPlist.strings; sourceTree = "<group>"; };
		089C167FFE841241C02AAC07 /* AppKit.framework */ = {isa = PBXFileReference; lastKnownFileType = wrapper.framework; name = AppKit.framework; path = /System/Library/Frameworks/AppKit.framework; sourceTree = "<absolute>"; };
		1058C7ADFEA557BF11CA2CBB /* Cocoa.framework */ = {isa = PBXFileReference; lastKnownFileType = wrapper.framework; name = Cocoa.framework; path = /System/Library/Frameworks/Cocoa.framework; sourceTree = "<absolute>"; };
		32DBCFA20370C41700C91783 /* Pref360Control_Prefix.pch */ = {isa = PBXFileReference; fileEncoding = 4; lastKnownFileType = sourcecode.c.h; path = Pref360Control_Prefix.pch; sourceTree = "<group>"; };
		3B04BE7113763D04005FA9F8 /* DeviceLister.h */ = {isa = PBXFileReference; fileEncoding = 4; lastKnownFileType = sourcecode.c.h; path = DeviceLister.h; sourceTree = "<group>"; };
		3B04BE7213763D04005FA9F8 /* DeviceLister.m */ = {isa = PBXFileReference; fileEncoding = 4; lastKnownFileType = sourcecode.c.objc; path = DeviceLister.m; sourceTree = "<group>"; };
		3B04BEA51376416D005FA9F8 /* DriverTool */ = {isa = PBXFileReference; lastKnownFileType = "compiled.mach-o.executable"; name = DriverTool; path = ../DriverTool/build/Release/DriverTool; sourceTree = SOURCE_ROOT; };
		3B47D9EC0B93C2BF00F200B8 /* battNone.tif */ = {isa = PBXFileReference; lastKnownFileType = image.tiff; path = battNone.tif; sourceTree = "<group>"; };
		3B47D9EE0B93C31400F200B8 /* batt1.tif */ = {isa = PBXFileReference; lastKnownFileType = image.tiff; path = batt1.tif; sourceTree = "<group>"; };
		3B47D9EF0B93C31400F200B8 /* batt0.tif */ = {isa = PBXFileReference; lastKnownFileType = image.tiff; path = batt0.tif; sourceTree = "<group>"; };
		3B47D9F00B93C31400F200B8 /* batt3.tif */ = {isa = PBXFileReference; lastKnownFileType = image.tiff; path = batt3.tif; sourceTree = "<group>"; };
		3B47D9F10B93C31400F200B8 /* batt2.tif */ = {isa = PBXFileReference; lastKnownFileType = image.tiff; path = batt2.tif; sourceTree = "<group>"; };
		3B86987D0CE2A22100283CEC /* ControlPrefs.h */ = {isa = PBXFileReference; fileEncoding = 4; lastKnownFileType = sourcecode.c.h; name = ControlPrefs.h; path = ../360Daemon/ControlPrefs.h; sourceTree = SOURCE_ROOT; };
		3B86987E0CE2A22100283CEC /* ControlPrefs.m */ = {isa = PBXFileReference; fileEncoding = 4; lastKnownFileType = sourcecode.c.objc; name = ControlPrefs.m; path = ../360Daemon/ControlPrefs.m; sourceTree = SOURCE_ROOT; };
		3B8B91311376FC120047D446 /* Security.framework */ = {isa = PBXFileReference; lastKnownFileType = wrapper.framework; name = Security.framework; path = System/Library/Frameworks/Security.framework; sourceTree = SDKROOT; };
		3BBEAAFF096B2C4C00F2E37B /* MyAnalogStick.h */ = {isa = PBXFileReference; fileEncoding = 30; lastKnownFileType = sourcecode.c.h; path = MyAnalogStick.h; sourceTree = "<group>"; };
		3BBEAB00096B2C4C00F2E37B /* MyAnalogStick.m */ = {isa = PBXFileReference; fileEncoding = 30; lastKnownFileType = sourcecode.c.objc; path = MyAnalogStick.m; sourceTree = "<group>"; };
		3BBEAB03096B2C5200F2E37B /* MyCentreButtons.m */ = {isa = PBXFileReference; fileEncoding = 30; lastKnownFileType = sourcecode.c.objc; path = MyCentreButtons.m; sourceTree = "<group>"; };
		3BBEAB04096B2C5200F2E37B /* MyCentreButtons.h */ = {isa = PBXFileReference; fileEncoding = 30; lastKnownFileType = sourcecode.c.h; path = MyCentreButtons.h; sourceTree = "<group>"; };
		3BBEAB07096B2C5600F2E37B /* MyDigitalStick.m */ = {isa = PBXFileReference; fileEncoding = 30; lastKnownFileType = sourcecode.c.objc; path = MyDigitalStick.m; sourceTree = "<group>"; };
		3BBEAB08096B2C5600F2E37B /* MyDigitalStick.h */ = {isa = PBXFileReference; fileEncoding = 30; lastKnownFileType = sourcecode.c.h; path = MyDigitalStick.h; sourceTree = "<group>"; };
		3BBEAB0B096B2C5B00F2E37B /* MyMainButtons.h */ = {isa = PBXFileReference; fileEncoding = 30; lastKnownFileType = sourcecode.c.h; path = MyMainButtons.h; sourceTree = "<group>"; };
		3BBEAB0C096B2C5B00F2E37B /* MyMainButtons.m */ = {isa = PBXFileReference; fileEncoding = 30; lastKnownFileType = sourcecode.c.objc; path = MyMainButtons.m; sourceTree = "<group>"; };
		3BBEAB0F096B2C6000F2E37B /* MyShoulderButton.h */ = {isa = PBXFileReference; fileEncoding = 30; lastKnownFileType = sourcecode.c.h; path = MyShoulderButton.h; sourceTree = "<group>"; };
		3BBEAB10096B2C6000F2E37B /* MyShoulderButton.m */ = {isa = PBXFileReference; fileEncoding = 30; lastKnownFileType = sourcecode.c.objc; path = MyShoulderButton.m; sourceTree = "<group>"; };
		3BBEAB2C096B6EDE00F2E37B /* IOKit.framework */ = {isa = PBXFileReference; lastKnownFileType = wrapper.framework; name = IOKit.framework; path = /System/Library/Frameworks/IOKit.framework; sourceTree = "<absolute>"; };
		3BC41F30096C85CB00664A42 /* DeviceItem.h */ = {isa = PBXFileReference; fileEncoding = 4; lastKnownFileType = sourcecode.c.h; path = DeviceItem.h; sourceTree = "<group>"; };
		3BC41F31096C85CB00664A42 /* DeviceItem.m */ = {isa = PBXFileReference; fileEncoding = 4; lastKnownFileType = sourcecode.c.objc; path = DeviceItem.m; sourceTree = "<group>"; };
		3BC41F46096C8D0300664A42 /* ForceFeedback.framework */ = {isa = PBXFileReference; lastKnownFileType = wrapper.framework; name = ForceFeedback.framework; path = /System/Library/Frameworks/ForceFeedback.framework; sourceTree = "<absolute>"; };
		8D202CF70486D31800D8A456 /* Info.plist */ = {isa = PBXFileReference; fileEncoding = 4; lastKnownFileType = text.plist; path = Info.plist; sourceTree = "<group>"; };
		8D202CF80486D31800D8A456 /* Pref360Control.prefPane */ = {isa = PBXFileReference; explicitFileType = wrapper.cfbundle; includeInIndex = 0; path = Pref360Control.prefPane; sourceTree = BUILT_PRODUCTS_DIR; };
		F506C035013D953901CA16C8 /* PreferencePanes.framework */ = {isa = PBXFileReference; lastKnownFileType = wrapper.framework; name = PreferencePanes.framework; path = /System/Library/Frameworks/PreferencePanes.framework; sourceTree = "<absolute>"; };
		F506C03C013D9D7901CA16C8 /* Pref360ControlPref.h */ = {isa = PBXFileReference; fileEncoding = 4; lastKnownFileType = sourcecode.c.h; path = Pref360ControlPref.h; sourceTree = "<group>"; };
		F506C03D013D9D7901CA16C8 /* Pref360ControlPref.m */ = {isa = PBXFileReference; fileEncoding = 4; lastKnownFileType = sourcecode.c.objc; path = Pref360ControlPref.m; sourceTree = "<group>"; };
		F506C040013D9D8001CA16C8 /* Pref360ControlPref.tiff */ = {isa = PBXFileReference; lastKnownFileType = image.tiff; path = Pref360ControlPref.tiff; sourceTree = "<group>"; };
		F506C043013D9D8C01CA16C8 /* English */ = {isa = PBXFileReference; lastKnownFileType = wrapper.nib; name = English; path = English.lproj/Pref360ControlPref.nib; sourceTree = "<group>"; };
/* End PBXFileReference section */

/* Begin PBXFrameworksBuildPhase section */
		8D202CF20486D31800D8A456 /* Frameworks */ = {
			isa = PBXFrameworksBuildPhase;
			buildActionMask = 2147483647;
			files = (
				8D202CF30486D31800D8A456 /* Cocoa.framework in Frameworks */,
				8D202CF40486D31800D8A456 /* PreferencePanes.framework in Frameworks */,
				3BBEAB2D096B6EDE00F2E37B /* IOKit.framework in Frameworks */,
				3BC41F47096C8D0300664A42 /* ForceFeedback.framework in Frameworks */,
				3B8B91321376FC120047D446 /* Security.framework in Frameworks */,
			);
			runOnlyForDeploymentPostprocessing = 0;
		};
/* End PBXFrameworksBuildPhase section */

/* Begin PBXGroup section */
		089C166AFE841209C02AAC07 /* Pref360Control */ = {
			isa = PBXGroup;
			children = (
				08FB77AFFE84173DC02AAC07 /* Classes */,
				32DBCFA10370C40200C91783 /* Other Sources */,
				089C167CFE841241C02AAC07 /* Resources */,
				089C1671FE841209C02AAC07 /* Frameworks and Libraries */,
				19C28FB8FE9D52D311CA2CBB /* Products */,
			);
			name = Pref360Control;
			sourceTree = "<group>";
		};
		089C1671FE841209C02AAC07 /* Frameworks and Libraries */ = {
			isa = PBXGroup;
			children = (
				1058C7ACFEA557BF11CA2CBB /* Linked Frameworks */,
				1058C7AEFEA557BF11CA2CBB /* Other Frameworks */,
			);
			name = "Frameworks and Libraries";
			sourceTree = "<group>";
		};
		089C167CFE841241C02AAC07 /* Resources */ = {
			isa = PBXGroup;
			children = (
				3B04BEA51376416D005FA9F8 /* DriverTool */,
				8D202CF70486D31800D8A456 /* Info.plist */,
				089C167DFE841241C02AAC07 /* InfoPlist.strings */,
				F506C040013D9D8001CA16C8 /* Pref360ControlPref.tiff */,
				F506C042013D9D8C01CA16C8 /* Pref360ControlPref.nib */,
				3B47D9EC0B93C2BF00F200B8 /* battNone.tif */,
				3B47D9EF0B93C31400F200B8 /* batt0.tif */,
				3B47D9EE0B93C31400F200B8 /* batt1.tif */,
				3B47D9F10B93C31400F200B8 /* batt2.tif */,
				3B47D9F00B93C31400F200B8 /* batt3.tif */,
			);
			name = Resources;
			sourceTree = "<group>";
		};
		08FB77AFFE84173DC02AAC07 /* Classes */ = {
			isa = PBXGroup;
			children = (
				3B86987D0CE2A22100283CEC /* ControlPrefs.h */,
				3B86987E0CE2A22100283CEC /* ControlPrefs.m */,
				F506C03C013D9D7901CA16C8 /* Pref360ControlPref.h */,
				F506C03D013D9D7901CA16C8 /* Pref360ControlPref.m */,
				3BBEAAFF096B2C4C00F2E37B /* MyAnalogStick.h */,
				3BBEAB00096B2C4C00F2E37B /* MyAnalogStick.m */,
				3BBEAB04096B2C5200F2E37B /* MyCentreButtons.h */,
				3BBEAB03096B2C5200F2E37B /* MyCentreButtons.m */,
				3BBEAB08096B2C5600F2E37B /* MyDigitalStick.h */,
				3BBEAB07096B2C5600F2E37B /* MyDigitalStick.m */,
				3BBEAB0B096B2C5B00F2E37B /* MyMainButtons.h */,
				3BBEAB0C096B2C5B00F2E37B /* MyMainButtons.m */,
				3BBEAB0F096B2C6000F2E37B /* MyShoulderButton.h */,
				3BBEAB10096B2C6000F2E37B /* MyShoulderButton.m */,
				3BC41F30096C85CB00664A42 /* DeviceItem.h */,
				3BC41F31096C85CB00664A42 /* DeviceItem.m */,
				3B04BE7113763D04005FA9F8 /* DeviceLister.h */,
				3B04BE7213763D04005FA9F8 /* DeviceLister.m */,
			);
			name = Classes;
			sourceTree = "<group>";
		};
		1058C7ACFEA557BF11CA2CBB /* Linked Frameworks */ = {
			isa = PBXGroup;
			children = (
				3BC41F46096C8D0300664A42 /* ForceFeedback.framework */,
				3BBEAB2C096B6EDE00F2E37B /* IOKit.framework */,
				1058C7ADFEA557BF11CA2CBB /* Cocoa.framework */,
				F506C035013D953901CA16C8 /* PreferencePanes.framework */,
				3B8B91311376FC120047D446 /* Security.framework */,
			);
			name = "Linked Frameworks";
			sourceTree = "<group>";
		};
		1058C7AEFEA557BF11CA2CBB /* Other Frameworks */ = {
			isa = PBXGroup;
			children = (
				089C1672FE841209C02AAC07 /* Foundation.framework */,
				089C167FFE841241C02AAC07 /* AppKit.framework */,
			);
			name = "Other Frameworks";
			sourceTree = "<group>";
		};
		19C28FB8FE9D52D311CA2CBB /* Products */ = {
			isa = PBXGroup;
			children = (
				8D202CF80486D31800D8A456 /* Pref360Control.prefPane */,
			);
			name = Products;
			sourceTree = "<group>";
		};
		32DBCFA10370C40200C91783 /* Other Sources */ = {
			isa = PBXGroup;
			children = (
				32DBCFA20370C41700C91783 /* Pref360Control_Prefix.pch */,
			);
			name = "Other Sources";
			sourceTree = "<group>";
		};
/* End PBXGroup section */

/* Begin PBXHeadersBuildPhase section */
		8D202CE90486D31800D8A456 /* Headers */ = {
			isa = PBXHeadersBuildPhase;
			buildActionMask = 2147483647;
			files = (
				8D202CEA0486D31800D8A456 /* Pref360Control_Prefix.pch in Headers */,
				8D202CEB0486D31800D8A456 /* Pref360ControlPref.h in Headers */,
				3BBEAB01096B2C4C00F2E37B /* MyAnalogStick.h in Headers */,
				3BBEAB06096B2C5200F2E37B /* MyCentreButtons.h in Headers */,
				3BBEAB0A096B2C5600F2E37B /* MyDigitalStick.h in Headers */,
				3BBEAB0D096B2C5B00F2E37B /* MyMainButtons.h in Headers */,
				3BBEAB11096B2C6000F2E37B /* MyShoulderButton.h in Headers */,
				3BC41F32096C85CB00664A42 /* DeviceItem.h in Headers */,
				3B86987F0CE2A22100283CEC /* ControlPrefs.h in Headers */,
				3B04BE7313763D04005FA9F8 /* DeviceLister.h in Headers */,
			);
			runOnlyForDeploymentPostprocessing = 0;
		};
/* End PBXHeadersBuildPhase section */

/* Begin PBXNativeTarget section */
		8D202CE80486D31800D8A456 /* Pref360Control */ = {
			isa = PBXNativeTarget;
			buildConfigurationList = 3BBDC6A5097946B50023AAD8 /* Build configuration list for PBXNativeTarget "Pref360Control" */;
			buildPhases = (
				8D202CE90486D31800D8A456 /* Headers */,
				8D202CEC0486D31800D8A456 /* Resources */,
				8D202CF00486D31800D8A456 /* Sources */,
				8D202CF20486D31800D8A456 /* Frameworks */,
				8D202CF50486D31800D8A456 /* Rez */,
			);
			buildRules = (
			);
			dependencies = (
			);
			name = Pref360Control;
			productInstallPath = "$(HOME)/Library/PreferencePanes";
			productName = Pref360Control;
			productReference = 8D202CF80486D31800D8A456 /* Pref360Control.prefPane */;
			productType = "com.apple.product-type.bundle";
		};
/* End PBXNativeTarget section */

/* Begin PBXProject section */
		089C1669FE841209C02AAC07 /* Project object */ = {
			isa = PBXProject;
			buildConfigurationList = 3BBDC6A9097946B50023AAD8 /* Build configuration list for PBXProject "Pref360Control" */;
			compatibilityVersion = "Xcode 3.0";
			developmentRegion = English;
			hasScannedForEncodings = 1;
			knownRegions = (
				English,
				Japanese,
				French,
				German,
			);
			mainGroup = 089C166AFE841209C02AAC07 /* Pref360Control */;
			projectDirPath = "";
			projectRoot = "";
			targets = (
				8D202CE80486D31800D8A456 /* Pref360Control */,
			);
		};
/* End PBXProject section */

/* Begin PBXResourcesBuildPhase section */
		8D202CEC0486D31800D8A456 /* Resources */ = {
			isa = PBXResourcesBuildPhase;
			buildActionMask = 2147483647;
			files = (
				8D202CED0486D31800D8A456 /* InfoPlist.strings in Resources */,
				8D202CEE0486D31800D8A456 /* Pref360ControlPref.tiff in Resources */,
				8D202CEF0486D31800D8A456 /* Pref360ControlPref.nib in Resources */,
				3B47D9ED0B93C2BF00F200B8 /* battNone.tif in Resources */,
				3B47D9F20B93C31400F200B8 /* batt1.tif in Resources */,
				3B47D9F30B93C31400F200B8 /* batt0.tif in Resources */,
				3B47D9F40B93C31400F200B8 /* batt3.tif in Resources */,
				3B47D9F50B93C31400F200B8 /* batt2.tif in Resources */,
				3B04BEA61376416D005FA9F8 /* DriverTool in Resources */,
			);
			runOnlyForDeploymentPostprocessing = 0;
		};
/* End PBXResourcesBuildPhase section */

/* Begin PBXRezBuildPhase section */
		8D202CF50486D31800D8A456 /* Rez */ = {
			isa = PBXRezBuildPhase;
			buildActionMask = 2147483647;
			files = (
			);
			runOnlyForDeploymentPostprocessing = 0;
		};
/* End PBXRezBuildPhase section */

/* Begin PBXSourcesBuildPhase section */
		8D202CF00486D31800D8A456 /* Sources */ = {
			isa = PBXSourcesBuildPhase;
			buildActionMask = 2147483647;
			files = (
				8D202CF10486D31800D8A456 /* Pref360ControlPref.m in Sources */,
				3BBEAB02096B2C4C00F2E37B /* MyAnalogStick.m in Sources */,
				3BBEAB05096B2C5200F2E37B /* MyCentreButtons.m in Sources */,
				3BBEAB09096B2C5600F2E37B /* MyDigitalStick.m in Sources */,
				3BBEAB0E096B2C5B00F2E37B /* MyMainButtons.m in Sources */,
				3BBEAB12096B2C6000F2E37B /* MyShoulderButton.m in Sources */,
				3BC41F33096C85CB00664A42 /* DeviceItem.m in Sources */,
				3B8698800CE2A22100283CEC /* ControlPrefs.m in Sources */,
				3B04BE7413763D04005FA9F8 /* DeviceLister.m in Sources */,
			);
			runOnlyForDeploymentPostprocessing = 0;
		};
/* End PBXSourcesBuildPhase section */

/* Begin PBXVariantGroup section */
		089C167DFE841241C02AAC07 /* InfoPlist.strings */ = {
			isa = PBXVariantGroup;
			children = (
				089C167EFE841241C02AAC07 /* English */,
			);
			name = InfoPlist.strings;
			sourceTree = "<group>";
		};
		F506C042013D9D8C01CA16C8 /* Pref360ControlPref.nib */ = {
			isa = PBXVariantGroup;
			children = (
				F506C043013D9D8C01CA16C8 /* English */,
			);
			name = Pref360ControlPref.nib;
			sourceTree = "<group>";
		};
/* End PBXVariantGroup section */

/* Begin XCBuildConfiguration section */
		3BBDC6A6097946B50023AAD8 /* Development */ = {
			isa = XCBuildConfiguration;
			buildSettings = {
				ARCHS = "$(ARCHS_STANDARD_32_64_BIT)";
				COPY_PHASE_STRIP = NO;
				DEBUGGING_SYMBOLS = YES;
				FRAMEWORK_SEARCH_PATHS = "";
				GCC_DYNAMIC_NO_PIC = NO;
				GCC_ENABLE_FIX_AND_CONTINUE = YES;
				"GCC_ENABLE_OBJC_GC[arch=x86_64]" = supported;
				GCC_ENABLE_TRIGRAPHS = NO;
				GCC_GENERATE_DEBUGGING_SYMBOLS = YES;
				GCC_OPTIMIZATION_LEVEL = 0;
				GCC_PRECOMPILE_PREFIX_HEADER = YES;
				GCC_PREFIX_HEADER = Pref360Control_Prefix.pch;
				GCC_WARN_ABOUT_MISSING_PROTOTYPES = NO;
				GCC_WARN_FOUR_CHARACTER_CONSTANTS = NO;
				GCC_WARN_UNKNOWN_PRAGMAS = NO;
				HEADER_SEARCH_PATHS = "";
				INFOPLIST_FILE = Info.plist;
				INSTALL_PATH = "$(HOME)/Library/PreferencePanes";
				LIBRARY_SEARCH_PATHS = "";
				LIBRARY_STYLE = Bundle;
				MACOSX_DEPLOYMENT_TARGET = 10.5;
				OTHER_CFLAGS = "";
				OTHER_LDFLAGS = (
					"-bundle",
					"-twolevel_namespace",
				);
				OTHER_REZFLAGS = "";
				PRODUCT_NAME = Pref360Control;
				SDKROOT = "";
				SECTORDER_FLAGS = "";
				WARNING_CFLAGS = (
					"-Wmost",
					"-Wno-four-char-constants",
					"-Wno-unknown-pragmas",
				);
				WRAPPER_EXTENSION = prefPane;
				ZERO_LINK = YES;
			};
			name = Development;
		};
		3BBDC6A7097946B50023AAD8 /* Deployment */ = {
			isa = XCBuildConfiguration;
			buildSettings = {
				COPY_PHASE_STRIP = YES;
				FRAMEWORK_SEARCH_PATHS = "";
				GCC_ENABLE_FIX_AND_CONTINUE = NO;
				"GCC_ENABLE_OBJC_GC[arch=x86_64]" = supported;
				GCC_ENABLE_TRIGRAPHS = NO;
				GCC_GENERATE_DEBUGGING_SYMBOLS = NO;
				GCC_PRECOMPILE_PREFIX_HEADER = YES;
				GCC_PREFIX_HEADER = Pref360Control_Prefix.pch;
				GCC_WARN_ABOUT_MISSING_PROTOTYPES = NO;
				GCC_WARN_FOUR_CHARACTER_CONSTANTS = NO;
				GCC_WARN_UNKNOWN_PRAGMAS = NO;
				HEADER_SEARCH_PATHS = "";
				INFOPLIST_FILE = Info.plist;
				INSTALL_PATH = "$(HOME)/Library/PreferencePanes";
				LIBRARY_SEARCH_PATHS = "";
				LIBRARY_STYLE = Bundle;
				OTHER_CFLAGS = "";
				OTHER_LDFLAGS = (
					"-bundle",
					"-twolevel_namespace",
				);
				OTHER_REZFLAGS = "";
				PRODUCT_NAME = Pref360Control;
				SECTORDER_FLAGS = "";
				WARNING_CFLAGS = (
					"-Wmost",
					"-Wno-four-char-constants",
					"-Wno-unknown-pragmas",
				);
				WRAPPER_EXTENSION = prefPane;
				ZERO_LINK = NO;
			};
			name = Deployment;
		};
		3BBDC6A8097946B50023AAD8 /* Default */ = {
			isa = XCBuildConfiguration;
			buildSettings = {
				FRAMEWORK_SEARCH_PATHS = "";
				"GCC_ENABLE_OBJC_GC[arch=x86_64]" = supported;
				GCC_ENABLE_TRIGRAPHS = NO;
				GCC_GENERATE_DEBUGGING_SYMBOLS = NO;
				GCC_PRECOMPILE_PREFIX_HEADER = YES;
				GCC_PREFIX_HEADER = Pref360Control_Prefix.pch;
				GCC_WARN_ABOUT_MISSING_PROTOTYPES = NO;
				GCC_WARN_FOUR_CHARACTER_CONSTANTS = NO;
				GCC_WARN_UNKNOWN_PRAGMAS = NO;
				HEADER_SEARCH_PATHS = "";
				INFOPLIST_FILE = Info.plist;
				INSTALL_PATH = "$(HOME)/Library/PreferencePanes";
				LIBRARY_SEARCH_PATHS = "";
				LIBRARY_STYLE = Bundle;
				OTHER_CFLAGS = "";
				OTHER_LDFLAGS = (
					"-bundle",
					"-twolevel_namespace",
				);
				OTHER_REZFLAGS = "";
				PRODUCT_NAME = Pref360Control;
				SECTORDER_FLAGS = "";
				WARNING_CFLAGS = (
					"-Wmost",
					"-Wno-four-char-constants",
					"-Wno-unknown-pragmas",
				);
				WRAPPER_EXTENSION = prefPane;
			};
			name = Default;
		};
		3BBDC6AA097946B50023AAD8 /* Development */ = {
			isa = XCBuildConfiguration;
			buildSettings = {
				CODE_SIGN_IDENTITY = "Developer ID Application: Colin Munro";
				MACOSX_DEPLOYMENT_TARGET = 10.5;
				PROVISIONING_PROFILE = "";
				SDKROOT = "";
			};
			name = Development;
		};
		3BBDC6AB097946B50023AAD8 /* Deployment */ = {
			isa = XCBuildConfiguration;
			buildSettings = {
				ARCHS = "$(ARCHS_STANDARD_32_64_BIT)";
				CODE_SIGN_IDENTITY = "Developer ID Application: Colin Munro";
				MACOSX_DEPLOYMENT_TARGET = 10.5;
				PROVISIONING_PROFILE = "";
				SDKROOT = "";
			};
			name = Deployment;
		};
		3BBDC6AC097946B50023AAD8 /* Default */ = {
			isa = XCBuildConfiguration;
			buildSettings = {
				CODE_SIGN_IDENTITY = "Developer ID Application: Colin Munro";
				MACOSX_DEPLOYMENT_TARGET = 10.5;
				PROVISIONING_PROFILE = "";
				SDKROOT = "";
			};
			name = Default;
		};
/* End XCBuildConfiguration section */

/* Begin XCConfigurationList section */
		3BBDC6A5097946B50023AAD8 /* Build configuration list for PBXNativeTarget "Pref360Control" */ = {
			isa = XCConfigurationList;
			buildConfigurations = (
				3BBDC6A6097946B50023AAD8 /* Development */,
				3BBDC6A7097946B50023AAD8 /* Deployment */,
				3BBDC6A8097946B50023AAD8 /* Default */,
			);
			defaultConfigurationIsVisible = 0;
			defaultConfigurationName = Default;
		};
		3BBDC6A9097946B50023AAD8 /* Build configuration list for PBXProject "Pref360Control" */ = {
			isa = XCConfigurationList;
			buildConfigurations = (
				3BBDC6AA097946B50023AAD8 /* Development */,
				3BBDC6AB097946B50023AAD8 /* Deployment */,
				3BBDC6AC097946B50023AAD8 /* Default */,
			);
			defaultConfigurationIsVisible = 0;
			defaultConfigurationName = Default;
		};
/* End XCConfigurationList section */
	};
	rootObject = 089C1669FE841209C02AAC07 /* Project object */;
}
