// !$*UTF8*$!
{
	archiveVersion = 1;
	classes = {
	};
	objectVersion = 39;
	objects = {
		014CEA4F0018CE4811CA2923 = {
			buildRules = (
			);
			buildSettings = {
				COPY_PHASE_STRIP = NO;
				GCC_DYNAMIC_NO_PIC = NO;
				GCC_ENABLE_FIX_AND_CONTINUE = YES;
				GCC_GENERATE_DEBUGGING_SYMBOLS = YES;
				GCC_OPTIMIZATION_LEVEL = 0;
				ZERO_LINK = YES;
			};
			isa = PBXBuildStyle;
			name = Development;
		};
		014CEA500018CE4811CA2923 = {
			buildRules = (
			);
			buildSettings = {
				COPY_PHASE_STRIP = YES;
				GCC_ENABLE_FIX_AND_CONTINUE = NO;
				ZERO_LINK = NO;
			};
			isa = PBXBuildStyle;
			name = Deployment;
		};
//010
//011
//012
//013
//014
//080
//081
//082
//083
//084
		08FB7793FE84155DC02AAC07 = {
			buildSettings = {
			};
			buildStyles = (
				014CEA4F0018CE4811CA2923,
				014CEA500018CE4811CA2923,
			);
			hasScannedForEncodings = 1;
			isa = PBXProject;
			mainGroup = 08FB7794FE84155DC02AAC07;
			projectDirPath = "";
			targets = (
				8DD76F960486AA7600D96B5E,
			);
		};
		08FB7794FE84155DC02AAC07 = {
			children = (
				08FB7795FE84155DC02AAC07,
				C6859EA2029092E104C91782,
				08FB779DFE84155DC02AAC07,
				1AB674ADFE9D54B511CA2CBB,
			);
			isa = PBXGroup;
			name = "«PROJECTNAME»";
			refType = 4;
			sourceTree = "<group>";
		};
		08FB7795FE84155DC02AAC07 = {
			children = (
				32A70AAB03705E1F00C91783,
				08FB7796FE84155DC02AAC07,
			);
			isa = PBXGroup;
			name = Source;
			refType = 4;
			sourceTree = "<group>";
		};
		08FB7796FE84155DC02AAC07 = {
			fileEncoding = 4;
			isa = PBXFileReference;
			lastKnownFileType = sourcecode.c.objc;
			path = "«PROJECTNAME».m";
			refType = 4;
			sourceTree = "<group>";
		};
		08FB779DFE84155DC02AAC07 = {
			children = (
				08FB779EFE84155DC02AAC07,
			);
			isa = PBXGroup;
			name = "External Frameworks and Libraries";
			refType = 4;
			sourceTree = "<group>";
		};
		08FB779EFE84155DC02AAC07 = {
			fallbackIsa = PBXFileReference;
			isa = PBXFrameworkReference;
			lastKnownFileType = wrapper.framework;
			name = Foundation.framework;
			path = /System/Library/Frameworks/Foundation.framework;
			refType = 0;
			sourceTree = "<absolute>";
		};
//080
//081
//082
//083
//084
//1A0
//1A1
//1A2
//1A3
//1A4
		1AB674ADFE9D54B511CA2CBB = {
			children = (
				8DD76FA10486AA7600D96B5E,
			);
			isa = PBXGroup;
			name = Products;
			refType = 4;
			sourceTree = "<group>";
		};
//1A0
//1A1
//1A2
//1A3
//1A4
//320
//321
//322
//323
//324
		32A70AAB03705E1F00C91783 = {
			fileEncoding = 4;
			isa = PBXFileReference;
			lastKnownFileType = file;
			path = "«PROJECTNAME»_Prefix.pch";
			refType = 4;
			sourceTree = "<group>";
		};
//320
//321
//322
//323
//324
//8D0
//8D1
//8D2
//8D3
//8D4
		8DD76F960486AA7600D96B5E = {
			buildPhases = (
				8DD76F990486AA7600D96B5E,
				8DD76F9B0486AA7600D96B5E,
				8DD76F9E0486AA7600D96B5E,
			);
			buildRules = (
			);
			buildSettings = {
				GCC_GENERATE_DEBUGGING_SYMBOLS = NO;
				GCC_PRECOMPILE_PREFIX_HEADER = YES;
				GCC_PREFIX_HEADER = "«PROJECTNAME»_Prefix.pch";
				INSTALL_PATH = "$(HOME)/bin";
				PRODUCT_NAME = "«PROJECTNAME»";
			};
			dependencies = (
			);
			isa = PBXNativeTarget;
			name = "«PROJECTNAME»";
			productInstallPath = "$(HOME)/bin";
			productName = "«PROJECTNAME»";
			productReference = 8DD76FA10486AA7600D96B5E;
			productType = "com.apple.product-type.tool";
		};
		8DD76F990486AA7600D96B5E = {
			buildActionMask = 2147483647;
			files = (
				8DD76F9A0486AA7600D96B5E,
			);
			isa = PBXSourcesBuildPhase;
			runOnlyForDeploymentPostprocessing = 0;
		};
		8DD76F9A0486AA7600D96B5E = {
			fileRef = 08FB7796FE84155DC02AAC07;
			isa = PBXBuildFile;
			settings = {
				ATTRIBUTES = (
				);
			};
		};
		8DD76F9B0486AA7600D96B5E = {
			buildActionMask = 2147483647;
			files = (
				8DD76F9C0486AA7600D96B5E,
			);
			isa = PBXFrameworksBuildPhase;
			runOnlyForDeploymentPostprocessing = 0;
		};
		8DD76F9C0486AA7600D96B5E = {
			fileRef = 08FB779EFE84155DC02AAC07;
			isa = PBXBuildFile;
			settings = {
			};
		};
		8DD76F9E0486AA7600D96B5E = {
			buildActionMask = 8;
			dstPath = /usr/share/man/man1/;
			dstSubfolderSpec = 0;
			files = (
				8DD76F9F0486AA7600D96B5E,
			);
			isa = PBXCopyFilesBuildPhase;
			runOnlyForDeploymentPostprocessing = 1;
		};
		8DD76F9F0486AA7600D96B5E = {
			fileRef = C6859EA3029092ED04C91782;
			isa = PBXBuildFile;
			settings = {
			};
		};
		8DD76FA10486AA7600D96B5E = {
			explicitFileType = "compiled.mach-o.executable";
			includeInIndex = 0;
			isa = PBXFileReference;
			path = "«PROJECTNAME»";
			refType = 3;
			sourceTree = BUILT_PRODUCTS_DIR;
		};
//8D0
//8D1
//8D2
//8D3
//8D4
//C60
//C61
//C62
//C63
//C64
		C6859EA2029092E104C91782 = {
			children = (
				C6859EA3029092ED04C91782,
			);
			isa = PBXGroup;
			name = Documentation;
			refType = 4;
			sourceTree = "<group>";
		};
		C6859EA3029092ED04C91782 = {
			isa = PBXFileReference;
			lastKnownFileType = file;
			path = "«PROJECTNAME».1";
			refType = 4;
			sourceTree = "<group>";
		};
	};
	rootObject = 08FB7793FE84155DC02AAC07;
}
